// !$*UTF8*$!
{
	archiveVersion = 1;
	classes = {
	};
	objectVersion = 77;
	objects = {

/* Begin PBXBuildFile section */
		2B53D4612CC5E97A000C59CB /* Yams in Frameworks */ = {isa = PBXBuildFile; productRef = 2B53D4602CC5E97A000C59CB /* Yams */; };
		2B53D4682CC5EAFE000C59CB /* ArgumentParser in Frameworks */ = {isa = PBXBuildFile; productRef = 2B53D4672CC5EAFE000C59CB /* ArgumentParser */; };
		2B53D46D2CC6EC36000C59CB /* ZIPFoundation in Frameworks */ = {isa = PBXBuildFile; productRef = 2B53D46C2CC6EC36000C59CB /* ZIPFoundation */; };
		2BF6B2132CF645370067CEB1 /* MarkdownKit in Frameworks */ = {isa = PBXBuildFile; productRef = 2BF6B2122CF645370067CEB1 /* MarkdownKit */; };
/* End PBXBuildFile section */

/* Begin PBXCopyFilesBuildPhase section */
		2B53D4532CC5E966000C59CB /* CopyFiles */ = {
			isa = PBXCopyFilesBuildPhase;
			buildActionMask = 2147483647;
			dstPath = /usr/share/man/man1/;
			dstSubfolderSpec = 0;
			files = (
			);
			runOnlyForDeploymentPostprocessing = 1;
		};
/* End PBXCopyFilesBuildPhase section */

/* Begin PBXFileReference section */
		2B53D4552CC5E966000C59CB /* RGPDFGen */ = {isa = PBXFileReference; explicitFileType = "compiled.mach-o.executable"; includeInIndex = 0; path = RGPDFGen; sourceTree = BUILT_PRODUCTS_DIR; };
/* End PBXFileReference section */

/* Begin PBXFileSystemSynchronizedRootGroup section */
		2B53D4572CC5E966000C59CB /* RGPDFGen */ = {
			isa = PBXFileSystemSynchronizedRootGroup;
			path = RGPDFGen;
			sourceTree = "<group>";
		};
/* End PBXFileSystemSynchronizedRootGroup section */

/* Begin PBXFrameworksBuildPhase section */
		2B53D4522CC5E966000C59CB /* Frameworks */ = {
			isa = PBXFrameworksBuildPhase;
			buildActionMask = 2147483647;
			files = (
				2B53D4682CC5EAFE000C59CB /* ArgumentParser in Frameworks */,
				2B53D4612CC5E97A000C59CB /* Yams in Frameworks */,
				2BF6B2132CF645370067CEB1 /* MarkdownKit in Frameworks */,
				2B53D46D2CC6EC36000C59CB /* ZIPFoundation in Frameworks */,
			);
			runOnlyForDeploymentPostprocessing = 0;
		};
/* End PBXFrameworksBuildPhase section */

/* Begin PBXGroup section */
		2B53D44C2CC5E966000C59CB = {
			isa = PBXGroup;
			children = (
				2B53D4572CC5E966000C59CB /* RGPDFGen */,
				2B53D4562CC5E966000C59CB /* Products */,
			);
			sourceTree = "<group>";
		};
		2B53D4562CC5E966000C59CB /* Products */ = {
			isa = PBXGroup;
			children = (
				2B53D4552CC5E966000C59CB /* RGPDFGen */,
			);
			name = Products;
			sourceTree = "<group>";
		};
/* End PBXGroup section */

/* Begin PBXNativeTarget section */
		2B53D4542CC5E966000C59CB /* RGPDFGen */ = {
			isa = PBXNativeTarget;
			buildConfigurationList = 2B53D45C2CC5E966000C59CB /* Build configuration list for PBXNativeTarget "RGPDFGen" */;
			buildPhases = (
				2B53D4512CC5E966000C59CB /* Sources */,
				2B53D4522CC5E966000C59CB /* Frameworks */,
				2B53D4532CC5E966000C59CB /* CopyFiles */,
			);
			buildRules = (
			);
			dependencies = (
			);
			fileSystemSynchronizedGroups = (
				2B53D4572CC5E966000C59CB /* RGPDFGen */,
			);
			name = RGPDFGen;
			packageProductDependencies = (
				2B53D4602CC5E97A000C59CB /* Yams */,
				2B53D4672CC5EAFE000C59CB /* ArgumentParser */,
				2B53D46C2CC6EC36000C59CB /* ZIPFoundation */,
				2BF6B2122CF645370067CEB1 /* MarkdownKit */,
			);
			productName = RGPDFGen;
			productReference = 2B53D4552CC5E966000C59CB /* RGPDFGen */;
			productType = "com.apple.product-type.tool";
		};
/* End PBXNativeTarget section */

/* Begin PBXProject section */
		2B53D44D2CC5E966000C59CB /* Project object */ = {
			isa = PBXProject;
			attributes = {
				BuildIndependentTargetsInParallel = 1;
				LastSwiftUpdateCheck = 1600;
				LastUpgradeCheck = 1600;
				TargetAttributes = {
					2B53D4542CC5E966000C59CB = {
						CreatedOnToolsVersion = 16.0;
					};
				};
			};
			buildConfigurationList = 2B53D4502CC5E966000C59CB /* Build configuration list for PBXProject "RGPDFGen" */;
			developmentRegion = en;
			hasScannedForEncodings = 0;
			knownRegions = (
				en,
				Base,
			);
			mainGroup = 2B53D44C2CC5E966000C59CB;
			minimizedProjectReferenceProxies = 1;
			packageReferences = (
				2B53D45F2CC5E97A000C59CB /* XCRemoteSwiftPackageReference "Yams" */,
				2B53D4662CC5EAFE000C59CB /* XCRemoteSwiftPackageReference "swift-argument-parser" */,
				2B53D46B2CC6EC36000C59CB /* XCRemoteSwiftPackageReference "ZIPFoundation" */,
				2BF6B2112CF645370067CEB1 /* XCRemoteSwiftPackageReference "MarkdownKit" */,
			);
			preferredProjectObjectVersion = 77;
			productRefGroup = 2B53D4562CC5E966000C59CB /* Products */;
			projectDirPath = "";
			projectRoot = "";
			targets = (
				2B53D4542CC5E966000C59CB /* RGPDFGen */,
			);
		};
/* End PBXProject section */

/* Begin PBXSourcesBuildPhase section */
		2B53D4512CC5E966000C59CB /* Sources */ = {
			isa = PBXSourcesBuildPhase;
			buildActionMask = 2147483647;
			files = (
			);
			runOnlyForDeploymentPostprocessing = 0;
		};
/* End PBXSourcesBuildPhase section */

/* Begin XCBuildConfiguration section */
		2B53D45A2CC5E966000C59CB /* Debug */ = {
			isa = XCBuildConfiguration;
			buildSettings = {
				ALWAYS_SEARCH_USER_PATHS = NO;
				ASSETCATALOG_COMPILER_GENERATE_SWIFT_ASSET_SYMBOL_EXTENSIONS = YES;
				CLANG_ANALYZER_NONNULL = YES;
				CLANG_ANALYZER_NUMBER_OBJECT_CONVERSION = YES_AGGRESSIVE;
				CLANG_CXX_LANGUAGE_STANDARD = "gnu++20";
				CLANG_ENABLE_MODULES = YES;
				CLANG_ENABLE_OBJC_ARC = YES;
				CLANG_ENABLE_OBJC_WEAK = YES;
				CLANG_WARN_BLOCK_CAPTURE_AUTORELEASING = YES;
				CLANG_WARN_BOOL_CONVERSION = YES;
				CLANG_WARN_COMMA = YES;
				CLANG_WARN_CONSTANT_CONVERSION = YES;
				CLANG_WARN_DEPRECATED_OBJC_IMPLEMENTATIONS = YES;
				CLANG_WARN_DIRECT_OBJC_ISA_USAGE = YES_ERROR;
				CLANG_WARN_DOCUMENTATION_COMMENTS = YES;
				CLANG_WARN_EMPTY_BODY = YES;
				CLANG_WARN_ENUM_CONVERSION = YES;
				CLANG_WARN_INFINITE_RECURSION = YES;
				CLANG_WARN_INT_CONVERSION = YES;
				CLANG_WARN_NON_LITERAL_NULL_CONVERSION = YES;
				CLANG_WARN_OBJC_IMPLICIT_RETAIN_SELF = YES;
				CLANG_WARN_OBJC_LITERAL_CONVERSION = YES;
				CLANG_WARN_OBJC_ROOT_CLASS = YES_ERROR;
				CLANG_WARN_QUOTED_INCLUDE_IN_FRAMEWORK_HEADER = YES;
				CLANG_WARN_RANGE_LOOP_ANALYSIS = YES;
				CLANG_WARN_STRICT_PROTOTYPES = YES;
				CLANG_WARN_SUSPICIOUS_MOVE = YES;
				CLANG_WARN_UNGUARDED_AVAILABILITY = YES_AGGRESSIVE;
				CLANG_WARN_UNREACHABLE_CODE = YES;
				CLANG_WARN__DUPLICATE_METHOD_MATCH = YES;
				COPY_PHASE_STRIP = NO;
				DEBUG_INFORMATION_FORMAT = dwarf;
				ENABLE_STRICT_OBJC_MSGSEND = YES;
				ENABLE_TESTABILITY = YES;
				ENABLE_USER_SCRIPT_SANDBOXING = YES;
				GCC_C_LANGUAGE_STANDARD = gnu17;
				GCC_DYNAMIC_NO_PIC = NO;
				GCC_NO_COMMON_BLOCKS = YES;
				GCC_OPTIMIZATION_LEVEL = 0;
				GCC_PREPROCESSOR_DEFINITIONS = (
					"DEBUG=1",
					"$(inherited)",
				);
				GCC_WARN_64_TO_32_BIT_CONVERSION = YES;
				GCC_WARN_ABOUT_RETURN_TYPE = YES_ERROR;
				GCC_WARN_UNDECLARED_SELECTOR = YES;
				GCC_WARN_UNINITIALIZED_AUTOS = YES_AGGRESSIVE;
				GCC_WARN_UNUSED_FUNCTION = YES;
				GCC_WARN_UNUSED_VARIABLE = YES;
				LOCALIZATION_PREFERS_STRING_CATALOGS = YES;
				MACOSX_DEPLOYMENT_TARGET = 15.0;
				MTL_ENABLE_DEBUG_INFO = INCLUDE_SOURCE;
				MTL_FAST_MATH = YES;
				ONLY_ACTIVE_ARCH = YES;
				SDKROOT = macosx;
				SWIFT_ACTIVE_COMPILATION_CONDITIONS = "DEBUG $(inherited)";
				SWIFT_OPTIMIZATION_LEVEL = "-Onone";
			};
			name = Debug;
		};
		2B53D45B2CC5E966000C59CB /* Release */ = {
			isa = XCBuildConfiguration;
			buildSettings = {
				ALWAYS_SEARCH_USER_PATHS = NO;
				ASSETCATALOG_COMPILER_GENERATE_SWIFT_ASSET_SYMBOL_EXTENSIONS = YES;
				CLANG_ANALYZER_NONNULL = YES;
				CLANG_ANALYZER_NUMBER_OBJECT_CONVERSION = YES_AGGRESSIVE;
				CLANG_CXX_LANGUAGE_STANDARD = "gnu++20";
				CLANG_ENABLE_MODULES = YES;
				CLANG_ENABLE_OBJC_ARC = YES;
				CLANG_ENABLE_OBJC_WEAK = YES;
				CLANG_WARN_BLOCK_CAPTURE_AUTORELEASING = YES;
				CLANG_WARN_BOOL_CONVERSION = YES;
				CLANG_WARN_COMMA = YES;
				CLANG_WARN_CONSTANT_CONVERSION = YES;
				CLANG_WARN_DEPRECATED_OBJC_IMPLEMENTATIONS = YES;
				CLANG_WARN_DIRECT_OBJC_ISA_USAGE = YES_ERROR;
				CLANG_WARN_DOCUMENTATION_COMMENTS = YES;
				CLANG_WARN_EMPTY_BODY = YES;
				CLANG_WARN_ENUM_CONVERSION = YES;
				CLANG_WARN_INFINITE_RECURSION = YES;
				CLANG_WARN_INT_CONVERSION = YES;
				CLANG_WARN_NON_LITERAL_NULL_CONVERSION = YES;
				CLANG_WARN_OBJC_IMPLICIT_RETAIN_SELF = YES;
				CLANG_WARN_OBJC_LITERAL_CONVERSION = YES;
				CLANG_WARN_OBJC_ROOT_CLASS = YES_ERROR;
				CLANG_WARN_QUOTED_INCLUDE_IN_FRAMEWORK_HEADER = YES;
				CLANG_WARN_RANGE_LOOP_ANALYSIS = YES;
				CLANG_WARN_STRICT_PROTOTYPES = YES;
				CLANG_WARN_SUSPICIOUS_MOVE = YES;
				CLANG_WARN_UNGUARDED_AVAILABILITY = YES_AGGRESSIVE;
				CLANG_WARN_UNREACHABLE_CODE = YES;
				CLANG_WARN__DUPLICATE_METHOD_MATCH = YES;
				COPY_PHASE_STRIP = NO;
				DEBUG_INFORMATION_FORMAT = "dwarf-with-dsym";
				ENABLE_NS_ASSERTIONS = NO;
				ENABLE_STRICT_OBJC_MSGSEND = YES;
				ENABLE_USER_SCRIPT_SANDBOXING = YES;
				GCC_C_LANGUAGE_STANDARD = gnu17;
				GCC_NO_COMMON_BLOCKS = YES;
				GCC_WARN_64_TO_32_BIT_CONVERSION = YES;
				GCC_WARN_ABOUT_RETURN_TYPE = YES_ERROR;
				GCC_WARN_UNDECLARED_SELECTOR = YES;
				GCC_WARN_UNINITIALIZED_AUTOS = YES_AGGRESSIVE;
				GCC_WARN_UNUSED_FUNCTION = YES;
				GCC_WARN_UNUSED_VARIABLE = YES;
				LOCALIZATION_PREFERS_STRING_CATALOGS = YES;
				MACOSX_DEPLOYMENT_TARGET = 15.0;
				MTL_ENABLE_DEBUG_INFO = NO;
				MTL_FAST_MATH = YES;
				SDKROOT = macosx;
				SWIFT_COMPILATION_MODE = wholemodule;
			};
			name = Release;
		};
		2B53D45D2CC5E966000C59CB /* Debug */ = {
			isa = XCBuildConfiguration;
			buildSettings = {
				CODE_SIGN_STYLE = Automatic;
				PRODUCT_NAME = "$(TARGET_NAME)";
				SWIFT_VERSION = 5.0;
			};
			name = Debug;
		};
		2B53D45E2CC5E966000C59CB /* Release */ = {
			isa = XCBuildConfiguration;
			buildSettings = {
				CODE_SIGN_STYLE = Automatic;
				PRODUCT_NAME = "$(TARGET_NAME)";
				SWIFT_VERSION = 5.0;
			};
			name = Release;
		};
/* End XCBuildConfiguration section */

/* Begin XCConfigurationList section */
		2B53D4502CC5E966000C59CB /* Build configuration list for PBXProject "RGPDFGen" */ = {
			isa = XCConfigurationList;
			buildConfigurations = (
				2B53D45A2CC5E966000C59CB /* Debug */,
				2B53D45B2CC5E966000C59CB /* Release */,
			);
			defaultConfigurationIsVisible = 0;
			defaultConfigurationName = Release;
		};
		2B53D45C2CC5E966000C59CB /* Build configuration list for PBXNativeTarget "RGPDFGen" */ = {
			isa = XCConfigurationList;
			buildConfigurations = (
				2B53D45D2CC5E966000C59CB /* Debug */,
				2B53D45E2CC5E966000C59CB /* Release */,
			);
			defaultConfigurationIsVisible = 0;
			defaultConfigurationName = Release;
		};
/* End XCConfigurationList section */

/* Begin XCRemoteSwiftPackageReference section */
		2B53D45F2CC5E97A000C59CB /* XCRemoteSwiftPackageReference "Yams" */ = {
			isa = XCRemoteSwiftPackageReference;
			repositoryURL = "https://github.com/jpsim/Yams.git";
			requirement = {
				kind = upToNextMajorVersion;
				minimumVersion = 5.1.3;
			};
		};
		2B53D4662CC5EAFE000C59CB /* XCRemoteSwiftPackageReference "swift-argument-parser" */ = {
			isa = XCRemoteSwiftPackageReference;
			repositoryURL = "https://github.com/apple/swift-argument-parser.git";
			requirement = {
				kind = upToNextMajorVersion;
				minimumVersion = 1.5.0;
			};
		};
		2B53D46B2CC6EC36000C59CB /* XCRemoteSwiftPackageReference "ZIPFoundation" */ = {
			isa = XCRemoteSwiftPackageReference;
			repositoryURL = "https://github.com/weichsel/ZIPFoundation.git";
			requirement = {
				kind = upToNextMajorVersion;
				minimumVersion = 0.9.19;
			};
		};
		2BF6B2112CF645370067CEB1 /* XCRemoteSwiftPackageReference "MarkdownKit" */ = {
			isa = XCRemoteSwiftPackageReference;
			repositoryURL = "https://github.com/bmoliveira/MarkdownKit.git";
			requirement = {
				kind = upToNextMajorVersion;
				minimumVersion = 1.7.1;
			};
		};
/* End XCRemoteSwiftPackageReference section */

/* Begin XCSwiftPackageProductDependency section */
		2B53D4602CC5E97A000C59CB /* Yams */ = {
			isa = XCSwiftPackageProductDependency;
			package = 2B53D45F2CC5E97A000C59CB /* XCRemoteSwiftPackageReference "Yams" */;
			productName = Yams;
		};
		2B53D4672CC5EAFE000C59CB /* ArgumentParser */ = {
			isa = XCSwiftPackageProductDependency;
			package = 2B53D4662CC5EAFE000C59CB /* XCRemoteSwiftPackageReference "swift-argument-parser" */;
			productName = ArgumentParser;
		};
		2B53D46C2CC6EC36000C59CB /* ZIPFoundation */ = {
			isa = XCSwiftPackageProductDependency;
			package = 2B53D46B2CC6EC36000C59CB /* XCRemoteSwiftPackageReference "ZIPFoundation" */;
			productName = ZIPFoundation;
		};
		2BF6B2122CF645370067CEB1 /* MarkdownKit */ = {
			isa = XCSwiftPackageProductDependency;
			package = 2BF6B2112CF645370067CEB1 /* XCRemoteSwiftPackageReference "MarkdownKit" */;
			productName = MarkdownKit;
		};
/* End XCSwiftPackageProductDependency section */
	};
	rootObject = 2B53D44D2CC5E966000C59CB /* Project object */;
}
